
Microsoft Visual Studio Solution File, Format Version 12.00
# Visual Studio Version 17
VisualStudioVersion = 17.11.35327.3
MinimumVisualStudioVersion = 10.0.40219.1
Project("{9A19103F-16F7-4668-BE54-9A1E7A4F7556}") = "API", "BankAccounts\API.csproj", "{008626BE-4739-48A4-A223-A565912DCA70}"
EndProject
Project("{9A19103F-16F7-4668-BE54-9A1E7A4F7556}") = "BankAccount.UI", "BankAccount.UI\BankAccount.UI.csproj", "{E1543736-2F2A-4044-967B-4413D686F357}"
EndProject
Global
	GlobalSection(SolutionConfigurationPlatforms) = preSolution
		Debug|Any CPU = Debug|Any CPU
		Debug|x64 = Debug|x64
		Release|Any CPU = Release|Any CPU
		Release|x64 = Release|x64
	EndGlobalSection
	GlobalSection(ProjectConfigurationPlatforms) = postSolution
		{008626BE-4739-48A4-A223-A565912DCA70}.Debug|Any CPU.ActiveCfg = Debug|Any CPU
		{008626BE-4739-48A4-A223-A565912DCA70}.Debug|Any CPU.Build.0 = Debug|Any CPU
		{008626BE-4739-48A4-A223-A565912DCA70}.Debug|x64.ActiveCfg = Debug|x64
		{008626BE-4739-48A4-A223-A565912DCA70}.Debug|x64.Build.0 = Debug|x64
		{008626BE-4739-48A4-A223-A565912DCA70}.Release|Any CPU.ActiveCfg = Release|Any CPU
		{008626BE-4739-48A4-A223-A565912DCA70}.Release|Any CPU.Build.0 = Release|Any CPU
		{008626BE-4739-48A4-A223-A565912DCA70}.Release|x64.ActiveCfg = Release|x64
		{008626BE-4739-48A4-A223-A565912DCA70}.Release|x64.Build.0 = Release|x64
		{E1543736-2F2A-4044-967B-4413D686F357}.Debug|Any CPU.ActiveCfg = Debug|Any CPU
		{E1543736-2F2A-4044-967B-4413D686F357}.Debug|Any CPU.Build.0 = Debug|Any CPU
		{E1543736-2F2A-4044-967B-4413D686F357}.Debug|x64.ActiveCfg = Debug|x64
		{E1543736-2F2A-4044-967B-4413D686F357}.Debug|x64.Build.0 = Debug|x64
		{E1543736-2F2A-4044-967B-4413D686F357}.Release|Any CPU.ActiveCfg = Release|Any CPU
		{E1543736-2F2A-4044-967B-4413D686F357}.Release|Any CPU.Build.0 = Release|Any CPU
		{E1543736-2F2A-4044-967B-4413D686F357}.Release|x64.ActiveCfg = Release|x64
		{E1543736-2F2A-4044-967B-4413D686F357}.Release|x64.Build.0 = Release|x64
	EndGlobalSection
	GlobalSection(SolutionProperties) = preSolution
		HideSolutionNode = FALSE
	EndGlobalSection
	GlobalSection(ExtensibilityGlobals) = postSolution
		SolutionGuid = {636F38DA-3B48-462D-9FDB-625230BE25C8}
	EndGlobalSection
EndGlobal
